
Microsoft Visual Studio Solution File, Format Version 12.00
# Visual Studio 2013
VisualStudioVersion = 12.0.21005.1
MinimumVisualStudioVersion = 10.0.40219.1
Project("{FAE04EC0-301F-11D3-BF4B-00C04F79EFBC}") = "FunctionParam", "FunctionParam\FunctionParam.csproj", "{C829BE3E-D603-4524-A675-A943F314E30E}"
EndProject
Project("{FAE04EC0-301F-11D3-BF4B-00C04F79EFBC}") = "refParam", "refParam\refParam.csproj", "{6FA70AFC-05A9-4528-B678-D698CDAB3AC4}"
EndProject
Project("{FAE04EC0-301F-11D3-BF4B-00C04F79EFBC}") = "outParam", "outParam\outParam.csproj", "{15FE9E01-36CB-48D6-A955-2D026D6180E9}"
EndProject
Global
	GlobalSection(SolutionConfigurationPlatforms) = preSolution
		Debug|Any CPU = Debug|Any CPU
		Release|Any CPU = Release|Any CPU
	EndGlobalSection
	GlobalSection(ProjectConfigurationPlatforms) = postSolution
		{C829BE3E-D603-4524-A675-A943F314E30E}.Debug|Any CPU.ActiveCfg = Debug|Any CPU
		{C829BE3E-D603-4524-A675-A943F314E30E}.Debug|Any CPU.Build.0 = Debug|Any CPU
		{C829BE3E-D603-4524-A675-A943F314E30E}.Release|Any CPU.ActiveCfg = Release|Any CPU
		{C829BE3E-D603-4524-A675-A943F314E30E}.Release|Any CPU.Build.0 = Release|Any CPU
		{6FA70AFC-05A9-4528-B678-D698CDAB3AC4}.Debug|Any CPU.ActiveCfg = Debug|Any CPU
		{6FA70AFC-05A9-4528-B678-D698CDAB3AC4}.Debug|Any CPU.Build.0 = Debug|Any CPU
		{6FA70AFC-05A9-4528-B678-D698CDAB3AC4}.Release|Any CPU.ActiveCfg = Release|Any CPU
		{6FA70AFC-05A9-4528-B678-D698CDAB3AC4}.Release|Any CPU.Build.0 = Release|Any CPU
		{15FE9E01-36CB-48D6-A955-2D026D6180E9}.Debug|Any CPU.ActiveCfg = Debug|Any CPU
		{15FE9E01-36CB-48D6-A955-2D026D6180E9}.Debug|Any CPU.Build.0 = Debug|Any CPU
		{15FE9E01-36CB-48D6-A955-2D026D6180E9}.Release|Any CPU.ActiveCfg = Release|Any CPU
		{15FE9E01-36CB-48D6-A955-2D026D6180E9}.Release|Any CPU.Build.0 = Release|Any CPU
	EndGlobalSection
	GlobalSection(SolutionProperties) = preSolution
		HideSolutionNode = FALSE
	EndGlobalSection
EndGlobal
