
Microsoft Visual Studio Solution File, Format Version 12.00
# Visual Studio 2013
VisualStudioVersion = 12.0.21005.1
MinimumVisualStudioVersion = 10.0.40219.1
Project("{FAE04EC0-301F-11D3-BF4B-00C04F79EFBC}") = "memoryStruct", "memoryStruct\memoryStruct.csproj", "{3D82C8E7-3CEB-4F21-B492-38F1D57D37AD}"
EndProject
Global
	GlobalSection(SolutionConfigurationPlatforms) = preSolution
		Debug|Any CPU = Debug|Any CPU
		Release|Any CPU = Release|Any CPU
	EndGlobalSection
	GlobalSection(ProjectConfigurationPlatforms) = postSolution
		{3D82C8E7-3CEB-4F21-B492-38F1D57D37AD}.Debug|Any CPU.ActiveCfg = Debug|Any CPU
		{3D82C8E7-3CEB-4F21-B492-38F1D57D37AD}.Debug|Any CPU.Build.0 = Debug|Any CPU
		{3D82C8E7-3CEB-4F21-B492-38F1D57D37AD}.Release|Any CPU.ActiveCfg = Release|Any CPU
		{3D82C8E7-3CEB-4F21-B492-38F1D57D37AD}.Release|Any CPU.Build.0 = Release|Any CPU
	EndGlobalSection
	GlobalSection(SolutionProperties) = preSolution
		HideSolutionNode = FALSE
	EndGlobalSection
EndGlobal
