
Microsoft Visual Studio Solution File, Format Version 12.00
# Visual Studio 2013
VisualStudioVersion = 12.0.21005.1
MinimumVisualStudioVersion = 10.0.40219.1
Project("{FAE04EC0-301F-11D3-BF4B-00C04F79EFBC}") = "one", "one\one.csproj", "{D353AC12-1F77-4109-9F4B-4F708B6C90BF}"
EndProject
Project("{FAE04EC0-301F-11D3-BF4B-00C04F79EFBC}") = "two", "two\two.csproj", "{A0D34477-6FCC-4385-88DB-A240C4F9CF8D}"
EndProject
Global
	GlobalSection(SolutionConfigurationPlatforms) = preSolution
		Debug|Any CPU = Debug|Any CPU
		Release|Any CPU = Release|Any CPU
	EndGlobalSection
	GlobalSection(ProjectConfigurationPlatforms) = postSolution
		{D353AC12-1F77-4109-9F4B-4F708B6C90BF}.Debug|Any CPU.ActiveCfg = Debug|Any CPU
		{D353AC12-1F77-4109-9F4B-4F708B6C90BF}.Debug|Any CPU.Build.0 = Debug|Any CPU
		{D353AC12-1F77-4109-9F4B-4F708B6C90BF}.Release|Any CPU.ActiveCfg = Release|Any CPU
		{D353AC12-1F77-4109-9F4B-4F708B6C90BF}.Release|Any CPU.Build.0 = Release|Any CPU
		{A0D34477-6FCC-4385-88DB-A240C4F9CF8D}.Debug|Any CPU.ActiveCfg = Debug|Any CPU
		{A0D34477-6FCC-4385-88DB-A240C4F9CF8D}.Debug|Any CPU.Build.0 = Debug|Any CPU
		{A0D34477-6FCC-4385-88DB-A240C4F9CF8D}.Release|Any CPU.ActiveCfg = Release|Any CPU
		{A0D34477-6FCC-4385-88DB-A240C4F9CF8D}.Release|Any CPU.Build.0 = Release|Any CPU
	EndGlobalSection
	GlobalSection(SolutionProperties) = preSolution
		HideSolutionNode = FALSE
	EndGlobalSection
EndGlobal
