
Microsoft Visual Studio Solution File, Format Version 12.00
# Visual Studio 2013
VisualStudioVersion = 12.0.21005.1
MinimumVisualStudioVersion = 10.0.40219.1
Project("{FAE04EC0-301F-11D3-BF4B-00C04F79EFBC}") = "FunctionStruct", "FunctionStruct\FunctionStruct.csproj", "{99032266-2566-4D75-B899-B6D335BF502A}"
EndProject
Project("{FAE04EC0-301F-11D3-BF4B-00C04F79EFBC}") = "AddFun", "AddFun\AddFun.csproj", "{2B6878B8-BCBE-4A2F-A88B-942997FC479D}"
EndProject
Global
	GlobalSection(SolutionConfigurationPlatforms) = preSolution
		Debug|Any CPU = Debug|Any CPU
		Release|Any CPU = Release|Any CPU
	EndGlobalSection
	GlobalSection(ProjectConfigurationPlatforms) = postSolution
		{99032266-2566-4D75-B899-B6D335BF502A}.Debug|Any CPU.ActiveCfg = Debug|Any CPU
		{99032266-2566-4D75-B899-B6D335BF502A}.Debug|Any CPU.Build.0 = Debug|Any CPU
		{99032266-2566-4D75-B899-B6D335BF502A}.Release|Any CPU.ActiveCfg = Release|Any CPU
		{99032266-2566-4D75-B899-B6D335BF502A}.Release|Any CPU.Build.0 = Release|Any CPU
		{2B6878B8-BCBE-4A2F-A88B-942997FC479D}.Debug|Any CPU.ActiveCfg = Debug|Any CPU
		{2B6878B8-BCBE-4A2F-A88B-942997FC479D}.Debug|Any CPU.Build.0 = Debug|Any CPU
		{2B6878B8-BCBE-4A2F-A88B-942997FC479D}.Release|Any CPU.ActiveCfg = Release|Any CPU
		{2B6878B8-BCBE-4A2F-A88B-942997FC479D}.Release|Any CPU.Build.0 = Release|Any CPU
	EndGlobalSection
	GlobalSection(SolutionProperties) = preSolution
		HideSolutionNode = FALSE
	EndGlobalSection
EndGlobal
